
Microsoft Visual Studio Solution File, Format Version 12.00
# Visual Studio Version 17
VisualStudioVersion = 17.0.31717.71
MinimumVisualStudioVersion = 10.0.40219.1
Project("{2150E333-8FDC-42A3-9474-1A3956D46DE8}") = "030_Learning.CleanArch.Application", "030_Learning.CleanArch.Application", "{D97E7EE3-0C75-4B67-81C5-0F2142ACAEAE}"
	ProjectSection(SolutionItems) = preProject
		ApplicationReadme.txt = ApplicationReadme.txt
	EndProjectSection
EndProject
Project("{2150E333-8FDC-42A3-9474-1A3956D46DE8}") = "050_Learning.CleanArch.Domain", "050_Learning.CleanArch.Domain", "{6F459D24-1300-43E3-88F4-24218812E4EF}"
	ProjectSection(SolutionItems) = preProject
		Readme.txt = Readme.txt
	EndProjectSection
EndProject
Project("{2150E333-8FDC-42A3-9474-1A3956D46DE8}") = "020_Learning.CleanArch.Infra.IoC", "020_Learning.CleanArch.Infra.IoC", "{F44243E6-0D9E-4099-8B58-6835D1EA6372}"
	ProjectSection(SolutionItems) = preProject
		IOCReadme.txt = IOCReadme.txt
	EndProjectSection
EndProject
Project("{2150E333-8FDC-42A3-9474-1A3956D46DE8}") = "040_Learning.CleanArch.Infra.Data", "040_Learning.CleanArch.Infra.Data", "{DF5B39B7-834D-46AB-8B42-C2E273D77A2A}"
	ProjectSection(SolutionItems) = preProject
		InfraDataReadme.txt = InfraDataReadme.txt
	EndProjectSection
EndProject
Project("{2150E333-8FDC-42A3-9474-1A3956D46DE8}") = "010_Learning.CleanArch.UI.Mvc", "010_Learning.CleanArch.UI.Mvc", "{72EB92B8-300C-48FA-85B5-5BDBC9C8F823}"
	ProjectSection(SolutionItems) = preProject
		UIReadme.txt = UIReadme.txt
	EndProjectSection
EndProject
Project("{9A19103F-16F7-4668-BE54-9A1E7A4F7556}") = "CleanArch.Mvc", "CleanArch.Mvc\CleanArch.Mvc.csproj", "{D92B76EC-EE28-4D6B-9683-0D4032B4EF06}"
EndProject
Project("{9A19103F-16F7-4668-BE54-9A1E7A4F7556}") = "CleanArch.Domain", "CleanArch.Domain\CleanArch.Domain.csproj", "{014C7EA2-8A52-4E03-A2FE-8B15859E180B}"
EndProject
Project("{9A19103F-16F7-4668-BE54-9A1E7A4F7556}") = "CleanArch.Infra.Data", "CleanArch.Infra.Data\CleanArch.Infra.Data.csproj", "{BAC361E2-1E31-4DBF-B409-35325371360E}"
EndProject
Project("{9A19103F-16F7-4668-BE54-9A1E7A4F7556}") = "CleanArch.Application", "CleanArch.Application\CleanArch.Application.csproj", "{FD11A40D-5D97-4209-9A83-8FB6291668CA}"
EndProject
Project("{9A19103F-16F7-4668-BE54-9A1E7A4F7556}") = "CleanArch.Infra.IoC", "CleanArch.Infra.IoC\CleanArch.Infra.IoC.csproj", "{7F969070-193E-441D-991C-57457AFCBA4E}"
EndProject
Project("{2150E333-8FDC-42A3-9474-1A3956D46DE8}") = "041_Learning.CleanArch.Bus", "041_Learning.CleanArch.Bus", "{B7C5EB68-DA5E-4B88-BDD2-2C43372340B1}"
EndProject
Project("{2150E333-8FDC-42A3-9474-1A3956D46DE8}") = "00_Learning.CleanArch.Api", "00_Learning.CleanArch.Api", "{22658DD9-9017-486D-A9BF-1887E092032B}"
	ProjectSection(SolutionItems) = preProject
		ApiReadme.txt = ApiReadme.txt
	EndProjectSection
EndProject
Project("{9A19103F-16F7-4668-BE54-9A1E7A4F7556}") = "CleanArch.Infra.Bus", "CleanArch.Infra.Bus\CleanArch.Infra.Bus.csproj", "{FCA07008-AA7F-4C01-BE42-A7E8DECAF8A1}"
EndProject
Project("{9A19103F-16F7-4668-BE54-9A1E7A4F7556}") = "CleanArch.Domain.core", "CleanArch.Domain.core\CleanArch.Domain.core.csproj", "{CF83908B-548D-4615-8082-14E7733F116C}"
EndProject
Project("{9A19103F-16F7-4668-BE54-9A1E7A4F7556}") = "CleanArch.Api", "CleanArch.Api\CleanArch.Api.csproj", "{51CC95F8-2463-49FD-ABEE-E864E47437C2}"
EndProject
Project("{2150E333-8FDC-42A3-9474-1A3956D46DE8}") = "src", "src", "{A785DB42-8091-4343-BC2F-EE1A04764E9F}"
EndProject
Project("{2150E333-8FDC-42A3-9474-1A3956D46DE8}") = "tests", "tests", "{A9C57F81-9DBF-49C5-920B-DAD9413D41DC}"
EndProject
Global
	GlobalSection(SolutionConfigurationPlatforms) = preSolution
		Debug|Any CPU = Debug|Any CPU
		Release|Any CPU = Release|Any CPU
	EndGlobalSection
	GlobalSection(ProjectConfigurationPlatforms) = postSolution
		{D92B76EC-EE28-4D6B-9683-0D4032B4EF06}.Debug|Any CPU.ActiveCfg = Debug|Any CPU
		{D92B76EC-EE28-4D6B-9683-0D4032B4EF06}.Debug|Any CPU.Build.0 = Debug|Any CPU
		{D92B76EC-EE28-4D6B-9683-0D4032B4EF06}.Release|Any CPU.ActiveCfg = Release|Any CPU
		{D92B76EC-EE28-4D6B-9683-0D4032B4EF06}.Release|Any CPU.Build.0 = Release|Any CPU
		{014C7EA2-8A52-4E03-A2FE-8B15859E180B}.Debug|Any CPU.ActiveCfg = Debug|Any CPU
		{014C7EA2-8A52-4E03-A2FE-8B15859E180B}.Debug|Any CPU.Build.0 = Debug|Any CPU
		{014C7EA2-8A52-4E03-A2FE-8B15859E180B}.Release|Any CPU.ActiveCfg = Release|Any CPU
		{014C7EA2-8A52-4E03-A2FE-8B15859E180B}.Release|Any CPU.Build.0 = Release|Any CPU
		{BAC361E2-1E31-4DBF-B409-35325371360E}.Debug|Any CPU.ActiveCfg = Debug|Any CPU
		{BAC361E2-1E31-4DBF-B409-35325371360E}.Debug|Any CPU.Build.0 = Debug|Any CPU
		{BAC361E2-1E31-4DBF-B409-35325371360E}.Release|Any CPU.ActiveCfg = Release|Any CPU
		{BAC361E2-1E31-4DBF-B409-35325371360E}.Release|Any CPU.Build.0 = Release|Any CPU
		{FD11A40D-5D97-4209-9A83-8FB6291668CA}.Debug|Any CPU.ActiveCfg = Debug|Any CPU
		{FD11A40D-5D97-4209-9A83-8FB6291668CA}.Debug|Any CPU.Build.0 = Debug|Any CPU
		{FD11A40D-5D97-4209-9A83-8FB6291668CA}.Release|Any CPU.ActiveCfg = Release|Any CPU
		{FD11A40D-5D97-4209-9A83-8FB6291668CA}.Release|Any CPU.Build.0 = Release|Any CPU
		{7F969070-193E-441D-991C-57457AFCBA4E}.Debug|Any CPU.ActiveCfg = Debug|Any CPU
		{7F969070-193E-441D-991C-57457AFCBA4E}.Debug|Any CPU.Build.0 = Debug|Any CPU
		{7F969070-193E-441D-991C-57457AFCBA4E}.Release|Any CPU.ActiveCfg = Release|Any CPU
		{7F969070-193E-441D-991C-57457AFCBA4E}.Release|Any CPU.Build.0 = Release|Any CPU
		{FCA07008-AA7F-4C01-BE42-A7E8DECAF8A1}.Debug|Any CPU.ActiveCfg = Debug|Any CPU
		{FCA07008-AA7F-4C01-BE42-A7E8DECAF8A1}.Debug|Any CPU.Build.0 = Debug|Any CPU
		{FCA07008-AA7F-4C01-BE42-A7E8DECAF8A1}.Release|Any CPU.ActiveCfg = Release|Any CPU
		{FCA07008-AA7F-4C01-BE42-A7E8DECAF8A1}.Release|Any CPU.Build.0 = Release|Any CPU
		{CF83908B-548D-4615-8082-14E7733F116C}.Debug|Any CPU.ActiveCfg = Debug|Any CPU
		{CF83908B-548D-4615-8082-14E7733F116C}.Debug|Any CPU.Build.0 = Debug|Any CPU
		{CF83908B-548D-4615-8082-14E7733F116C}.Release|Any CPU.ActiveCfg = Release|Any CPU
		{CF83908B-548D-4615-8082-14E7733F116C}.Release|Any CPU.Build.0 = Release|Any CPU
		{51CC95F8-2463-49FD-ABEE-E864E47437C2}.Debug|Any CPU.ActiveCfg = Debug|Any CPU
		{51CC95F8-2463-49FD-ABEE-E864E47437C2}.Debug|Any CPU.Build.0 = Debug|Any CPU
		{51CC95F8-2463-49FD-ABEE-E864E47437C2}.Release|Any CPU.ActiveCfg = Release|Any CPU
		{51CC95F8-2463-49FD-ABEE-E864E47437C2}.Release|Any CPU.Build.0 = Release|Any CPU
	EndGlobalSection
	GlobalSection(SolutionProperties) = preSolution
		HideSolutionNode = FALSE
	EndGlobalSection
	GlobalSection(NestedProjects) = preSolution
		{D97E7EE3-0C75-4B67-81C5-0F2142ACAEAE} = {A785DB42-8091-4343-BC2F-EE1A04764E9F}
		{6F459D24-1300-43E3-88F4-24218812E4EF} = {A785DB42-8091-4343-BC2F-EE1A04764E9F}
		{F44243E6-0D9E-4099-8B58-6835D1EA6372} = {A785DB42-8091-4343-BC2F-EE1A04764E9F}
		{DF5B39B7-834D-46AB-8B42-C2E273D77A2A} = {A785DB42-8091-4343-BC2F-EE1A04764E9F}
		{72EB92B8-300C-48FA-85B5-5BDBC9C8F823} = {A785DB42-8091-4343-BC2F-EE1A04764E9F}
		{D92B76EC-EE28-4D6B-9683-0D4032B4EF06} = {72EB92B8-300C-48FA-85B5-5BDBC9C8F823}
		{014C7EA2-8A52-4E03-A2FE-8B15859E180B} = {6F459D24-1300-43E3-88F4-24218812E4EF}
		{BAC361E2-1E31-4DBF-B409-35325371360E} = {DF5B39B7-834D-46AB-8B42-C2E273D77A2A}
		{FD11A40D-5D97-4209-9A83-8FB6291668CA} = {D97E7EE3-0C75-4B67-81C5-0F2142ACAEAE}
		{7F969070-193E-441D-991C-57457AFCBA4E} = {F44243E6-0D9E-4099-8B58-6835D1EA6372}
		{B7C5EB68-DA5E-4B88-BDD2-2C43372340B1} = {A785DB42-8091-4343-BC2F-EE1A04764E9F}
		{22658DD9-9017-486D-A9BF-1887E092032B} = {A785DB42-8091-4343-BC2F-EE1A04764E9F}
		{FCA07008-AA7F-4C01-BE42-A7E8DECAF8A1} = {B7C5EB68-DA5E-4B88-BDD2-2C43372340B1}
		{CF83908B-548D-4615-8082-14E7733F116C} = {6F459D24-1300-43E3-88F4-24218812E4EF}
		{51CC95F8-2463-49FD-ABEE-E864E47437C2} = {22658DD9-9017-486D-A9BF-1887E092032B}
	EndGlobalSection
	GlobalSection(ExtensibilityGlobals) = postSolution
		SolutionGuid = {99141918-D057-45C1-8A68-6F4B84E04E2F}
	EndGlobalSection
EndGlobal
